// !$*UTF8*$!
{
	archiveVersion = 1;
	classes = {
	};
	objectVersion = 46;
	objects = {

/* Begin PBXBuildFile section */
		77842B321E89EFD300C8A1B4 /* AppDelegate.swift in Sources */ = {isa = PBXBuildFile; fileRef = 77842B311E89EFD300C8A1B4 /* AppDelegate.swift */; };
		77842B341E89EFD300C8A1B4 /* ViewController.swift in Sources */ = {isa = PBXBuildFile; fileRef = 77842B331E89EFD300C8A1B4 /* ViewController.swift */; };
		77842B371E89EFD300C8A1B4 /* Main.storyboard in Resources */ = {isa = PBXBuildFile; fileRef = 77842B351E89EFD300C8A1B4 /* Main.storyboard */; };
		77842B391E89EFD300C8A1B4 /* Assets.xcassets in Resources */ = {isa = PBXBuildFile; fileRef = 77842B381E89EFD300C8A1B4 /* Assets.xcassets */; };
		77842B3C1E89EFD300C8A1B4 /* LaunchScreen.storyboard in Resources */ = {isa = PBXBuildFile; fileRef = 77842B3A1E89EFD300C8A1B4 /* LaunchScreen.storyboard */; };
		77842B471E89EFD300C8A1B4 /* EchoPath_iosTests.swift in Sources */ = {isa = PBXBuildFile; fileRef = 77842B461E89EFD300C8A1B4 /* EchoPath_iosTests.swift */; };
		77842B521E89EFD300C8A1B4 /* EchoPath_iosUITests.swift in Sources */ = {isa = PBXBuildFile; fileRef = 77842B511E89EFD300C8A1B4 /* EchoPath_iosUITests.swift */; };
/* End PBXBuildFile section */

/* Begin PBXContainerItemProxy section */
		77842B431E89EFD300C8A1B4 /* PBXContainerItemProxy */ = {
			isa = PBXContainerItemProxy;
			containerPortal = 77842B261E89EFD300C8A1B4 /* Project object */;
			proxyType = 1;
			remoteGlobalIDString = 77842B2D1E89EFD300C8A1B4;
			remoteInfo = "EchoPath-ios";
		};
		77842B4E1E89EFD300C8A1B4 /* PBXContainerItemProxy */ = {
			isa = PBXContainerItemProxy;
			containerPortal = 77842B261E89EFD300C8A1B4 /* Project object */;
			proxyType = 1;
			remoteGlobalIDString = 77842B2D1E89EFD300C8A1B4;
			remoteInfo = "EchoPath-ios";
		};
/* End PBXContainerItemProxy section */

/* Begin PBXFileReference section */
		77842B2E1E89EFD300C8A1B4 /* EchoPath-ios.app */ = {isa = PBXFileReference; explicitFileType = wrapper.application; includeInIndex = 0; path = "EchoPath-ios.app"; sourceTree = BUILT_PRODUCTS_DIR; };
		77842B311E89EFD300C8A1B4 /* AppDelegate.swift */ = {isa = PBXFileReference; lastKnownFileType = sourcecode.swift; path = AppDelegate.swift; sourceTree = "<group>"; };
		77842B331E89EFD300C8A1B4 /* ViewController.swift */ = {isa = PBXFileReference; lastKnownFileType = sourcecode.swift; path = ViewController.swift; sourceTree = "<group>"; };
		77842B361E89EFD300C8A1B4 /* Base */ = {isa = PBXFileReference; lastKnownFileType = file.storyboard; name = Base; path = Base.lproj/Main.storyboard; sourceTree = "<group>"; };
		77842B381E89EFD300C8A1B4 /* Assets.xcassets */ = {isa = PBXFileReference; lastKnownFileType = folder.assetcatalog; path = Assets.xcassets; sourceTree = "<group>"; };
		77842B3B1E89EFD300C8A1B4 /* Base */ = {isa = PBXFileReference; lastKnownFileType = file.storyboard; name = Base; path = Base.lproj/LaunchScreen.storyboard; sourceTree = "<group>"; };
		77842B3D1E89EFD300C8A1B4 /* Info.plist */ = {isa = PBXFileReference; lastKnownFileType = text.plist.xml; path = Info.plist; sourceTree = "<group>"; };
		77842B421E89EFD300C8A1B4 /* EchoPath-iosTests.xctest */ = {isa = PBXFileReference; explicitFileType = wrapper.cfbundle; includeInIndex = 0; path = "EchoPath-iosTests.xctest"; sourceTree = BUILT_PRODUCTS_DIR; };
		77842B461E89EFD300C8A1B4 /* EchoPath_iosTests.swift */ = {isa = PBXFileReference; lastKnownFileType = sourcecode.swift; path = EchoPath_iosTests.swift; sourceTree = "<group>"; };
		77842B481E89EFD300C8A1B4 /* Info.plist */ = {isa = PBXFileReference; lastKnownFileType = text.plist.xml; path = Info.plist; sourceTree = "<group>"; };
		77842B4D1E89EFD300C8A1B4 /* EchoPath-iosUITests.xctest */ = {isa = PBXFileReference; explicitFileType = wrapper.cfbundle; includeInIndex = 0; path = "EchoPath-iosUITests.xctest"; sourceTree = BUILT_PRODUCTS_DIR; };
		77842B511E89EFD300C8A1B4 /* EchoPath_iosUITests.swift */ = {isa = PBXFileReference; lastKnownFileType = sourcecode.swift; path = EchoPath_iosUITests.swift; sourceTree = "<group>"; };
		77842B531E89EFD300C8A1B4 /* Info.plist */ = {isa = PBXFileReference; lastKnownFileType = text.plist.xml; path = Info.plist; sourceTree = "<group>"; };
/* End PBXFileReference section */

/* Begin PBXFrameworksBuildPhase section */
		77842B2B1E89EFD300C8A1B4 /* Frameworks */ = {
			isa = PBXFrameworksBuildPhase;
			buildActionMask = 2147483647;
			files = (
			);
			runOnlyForDeploymentPostprocessing = 0;
		};
		77842B3F1E89EFD300C8A1B4 /* Frameworks */ = {
			isa = PBXFrameworksBuildPhase;
			buildActionMask = 2147483647;
			files = (
			);
			runOnlyForDeploymentPostprocessing = 0;
		};
		77842B4A1E89EFD300C8A1B4 /* Frameworks */ = {
			isa = PBXFrameworksBuildPhase;
			buildActionMask = 2147483647;
			files = (
			);
			runOnlyForDeploymentPostprocessing = 0;
		};
/* End PBXFrameworksBuildPhase section */

/* Begin PBXGroup section */
		77842B251E89EFD300C8A1B4 = {
			isa = PBXGroup;
			children = (
				77842B301E89EFD300C8A1B4 /* EchoPath-ios */,
				77842B451E89EFD300C8A1B4 /* EchoPath-iosTests */,
				77842B501E89EFD300C8A1B4 /* EchoPath-iosUITests */,
				77842B2F1E89EFD300C8A1B4 /* Products */,
			);
			sourceTree = "<group>";
		};
		77842B2F1E89EFD300C8A1B4 /* Products */ = {
			isa = PBXGroup;
			children = (
				77842B2E1E89EFD300C8A1B4 /* EchoPath-ios.app */,
				77842B421E89EFD300C8A1B4 /* EchoPath-iosTests.xctest */,
				77842B4D1E89EFD300C8A1B4 /* EchoPath-iosUITests.xctest */,
			);
			name = Products;
			sourceTree = "<group>";
		};
		77842B301E89EFD300C8A1B4 /* EchoPath-ios */ = {
			isa = PBXGroup;
			children = (
				77842B311E89EFD300C8A1B4 /* AppDelegate.swift */,
				77842B331E89EFD300C8A1B4 /* ViewController.swift */,
				77842B351E89EFD300C8A1B4 /* Main.storyboard */,
				77842B381E89EFD300C8A1B4 /* Assets.xcassets */,
				77842B3A1E89EFD300C8A1B4 /* LaunchScreen.storyboard */,
				77842B3D1E89EFD300C8A1B4 /* Info.plist */,
			);
			path = "EchoPath-ios";
			sourceTree = "<group>";
		};
		77842B451E89EFD300C8A1B4 /* EchoPath-iosTests */ = {
			isa = PBXGroup;
			children = (
				77842B461E89EFD300C8A1B4 /* EchoPath_iosTests.swift */,
				77842B481E89EFD300C8A1B4 /* Info.plist */,
			);
			path = "EchoPath-iosTests";
			sourceTree = "<group>";
		};
		77842B501E89EFD300C8A1B4 /* EchoPath-iosUITests */ = {
			isa = PBXGroup;
			children = (
				77842B511E89EFD300C8A1B4 /* EchoPath_iosUITests.swift */,
				77842B531E89EFD300C8A1B4 /* Info.plist */,
			);
			path = "EchoPath-iosUITests";
			sourceTree = "<group>";
		};
/* End PBXGroup section */

/* Begin PBXNativeTarget section */
		77842B2D1E89EFD300C8A1B4 /* EchoPath-ios */ = {
			isa = PBXNativeTarget;
			buildConfigurationList = 77842B561E89EFD300C8A1B4 /* Build configuration list for PBXNativeTarget "EchoPath-ios" */;
			buildPhases = (
				77842B2A1E89EFD300C8A1B4 /* Sources */,
				77842B2B1E89EFD300C8A1B4 /* Frameworks */,
				77842B2C1E89EFD300C8A1B4 /* Resources */,
			);
			buildRules = (
			);
			dependencies = (
			);
			name = "EchoPath-ios";
			productName = "EchoPath-ios";
			productReference = 77842B2E1E89EFD300C8A1B4 /* EchoPath-ios.app */;
			productType = "com.apple.product-type.application";
		};
		77842B411E89EFD300C8A1B4 /* EchoPath-iosTests */ = {
			isa = PBXNativeTarget;
			buildConfigurationList = 77842B591E89EFD300C8A1B4 /* Build configuration list for PBXNativeTarget "EchoPath-iosTests" */;
			buildPhases = (
				77842B3E1E89EFD300C8A1B4 /* Sources */,
				77842B3F1E89EFD300C8A1B4 /* Frameworks */,
				77842B401E89EFD300C8A1B4 /* Resources */,
			);
			buildRules = (
			);
			dependencies = (
				77842B441E89EFD300C8A1B4 /* PBXTargetDependency */,
			);
			name = "EchoPath-iosTests";
			productName = "EchoPath-iosTests";
			productReference = 77842B421E89EFD300C8A1B4 /* EchoPath-iosTests.xctest */;
			productType = "com.apple.product-type.bundle.unit-test";
		};
		77842B4C1E89EFD300C8A1B4 /* EchoPath-iosUITests */ = {
			isa = PBXNativeTarget;
			buildConfigurationList = 77842B5C1E89EFD300C8A1B4 /* Build configuration list for PBXNativeTarget "EchoPath-iosUITests" */;
			buildPhases = (
				77842B491E89EFD300C8A1B4 /* Sources */,
				77842B4A1E89EFD300C8A1B4 /* Frameworks */,
				77842B4B1E89EFD300C8A1B4 /* Resources */,
			);
			buildRules = (
			);
			dependencies = (
				77842B4F1E89EFD300C8A1B4 /* PBXTargetDependency */,
			);
			name = "EchoPath-iosUITests";
			productName = "EchoPath-iosUITests";
			productReference = 77842B4D1E89EFD300C8A1B4 /* EchoPath-iosUITests.xctest */;
			productType = "com.apple.product-type.bundle.ui-testing";
		};
/* End PBXNativeTarget section */

/* Begin PBXProject section */
		77842B261E89EFD300C8A1B4 /* Project object */ = {
			isa = PBXProject;
			attributes = {
				LastSwiftUpdateCheck = 0720;
				LastUpgradeCheck = 0720;
				ORGANIZATIONNAME = "Kodam, Sheshank";
				TargetAttributes = {
					77842B2D1E89EFD300C8A1B4 = {
						CreatedOnToolsVersion = 7.2.1;
					};
					77842B411E89EFD300C8A1B4 = {
						CreatedOnToolsVersion = 7.2.1;
						TestTargetID = 77842B2D1E89EFD300C8A1B4;
					};
					77842B4C1E89EFD300C8A1B4 = {
						CreatedOnToolsVersion = 7.2.1;
						TestTargetID = 77842B2D1E89EFD300C8A1B4;
					};
				};
			};
			buildConfigurationList = 77842B291E89EFD300C8A1B4 /* Build configuration list for PBXProject "EchoPath-ios" */;
			compatibilityVersion = "Xcode 3.2";
			developmentRegion = English;
			hasScannedForEncodings = 0;
			knownRegions = (
				en,
				Base,
			);
			mainGroup = 77842B251E89EFD300C8A1B4;
			productRefGroup = 77842B2F1E89EFD300C8A1B4 /* Products */;
			projectDirPath = "";
			projectRoot = "";
			targets = (
				77842B2D1E89EFD300C8A1B4 /* EchoPath-ios */,
				77842B411E89EFD300C8A1B4 /* EchoPath-iosTests */,
				77842B4C1E89EFD300C8A1B4 /* EchoPath-iosUITests */,
			);
		};
/* End PBXProject section */

/* Begin PBXResourcesBuildPhase section */
		77842B2C1E89EFD300C8A1B4 /* Resources */ = {
			isa = PBXResourcesBuildPhase;
			buildActionMask = 2147483647;
			files = (
				77842B3C1E89EFD300C8A1B4 /* LaunchScreen.storyboard in Resources */,
				77842B391E89EFD300C8A1B4 /* Assets.xcassets in Resources */,
				77842B371E89EFD300C8A1B4 /* Main.storyboard in Resources */,
			);
			runOnlyForDeploymentPostprocessing = 0;
		};
		77842B401E89EFD300C8A1B4 /* Resources */ = {
			isa = PBXResourcesBuildPhase;
			buildActionMask = 2147483647;
			files = (
			);
			runOnlyForDeploymentPostprocessing = 0;
		};
		77842B4B1E89EFD300C8A1B4 /* Resources */ = {
			isa = PBXResourcesBuildPhase;
			buildActionMask = 2147483647;
			files = (
			);
			runOnlyForDeploymentPostprocessing = 0;
		};
/* End PBXResourcesBuildPhase section */

/* Begin PBXSourcesBuildPhase section */
		77842B2A1E89EFD300C8A1B4 /* Sources */ = {
			isa = PBXSourcesBuildPhase;
			buildActionMask = 2147483647;
			files = (
				77842B341E89EFD300C8A1B4 /* ViewController.swift in Sources */,
				77842B321E89EFD300C8A1B4 /* AppDelegate.swift in Sources */,
			);
			runOnlyForDeploymentPostprocessing = 0;
		};
		77842B3E1E89EFD300C8A1B4 /* Sources */ = {
			isa = PBXSourcesBuildPhase;
			buildActionMask = 2147483647;
			files = (
				77842B471E89EFD300C8A1B4 /* EchoPath_iosTests.swift in Sources */,
			);
			runOnlyForDeploymentPostprocessing = 0;
		};
		77842B491E89EFD300C8A1B4 /* Sources */ = {
			isa = PBXSourcesBuildPhase;
			buildActionMask = 2147483647;
			files = (
				77842B521E89EFD300C8A1B4 /* EchoPath_iosUITests.swift in Sources */,
			);
			runOnlyForDeploymentPostprocessing = 0;
		};
/* End PBXSourcesBuildPhase section */

/* Begin PBXTargetDependency section */
		77842B441E89EFD300C8A1B4 /* PBXTargetDependency */ = {
			isa = PBXTargetDependency;
			target = 77842B2D1E89EFD300C8A1B4 /* EchoPath-ios */;
			targetProxy = 77842B431E89EFD300C8A1B4 /* PBXContainerItemProxy */;
		};
		77842B4F1E89EFD300C8A1B4 /* PBXTargetDependency */ = {
			isa = PBXTargetDependency;
			target = 77842B2D1E89EFD300C8A1B4 /* EchoPath-ios */;
			targetProxy = 77842B4E1E89EFD300C8A1B4 /* PBXContainerItemProxy */;
		};
/* End PBXTargetDependency section */

/* Begin PBXVariantGroup section */
		77842B351E89EFD300C8A1B4 /* Main.storyboard */ = {
			isa = PBXVariantGroup;
			children = (
				77842B361E89EFD300C8A1B4 /* Base */,
			);
			name = Main.storyboard;
			sourceTree = "<group>";
		};
		77842B3A1E89EFD300C8A1B4 /* LaunchScreen.storyboard */ = {
			isa = PBXVariantGroup;
			children = (
				77842B3B1E89EFD300C8A1B4 /* Base */,
			);
			name = LaunchScreen.storyboard;
			sourceTree = "<group>";
		};
/* End PBXVariantGroup section */

/* Begin XCBuildConfiguration section */
		77842B541E89EFD300C8A1B4 /* Debug */ = {
			isa = XCBuildConfiguration;
			buildSettings = {
				ALWAYS_SEARCH_USER_PATHS = NO;
				CLANG_CXX_LANGUAGE_STANDARD = "gnu++0x";
				CLANG_CXX_LIBRARY = "libc++";
				CLANG_ENABLE_MODULES = YES;
				CLANG_ENABLE_OBJC_ARC = YES;
				CLANG_WARN_BOOL_CONVERSION = YES;
				CLANG_WARN_CONSTANT_CONVERSION = YES;
				CLANG_WARN_DIRECT_OBJC_ISA_USAGE = YES_ERROR;
				CLANG_WARN_EMPTY_BODY = YES;
				CLANG_WARN_ENUM_CONVERSION = YES;
				CLANG_WARN_INT_CONVERSION = YES;
				CLANG_WARN_OBJC_ROOT_CLASS = YES_ERROR;
				CLANG_WARN_UNREACHABLE_CODE = YES;
				CLANG_WARN__DUPLICATE_METHOD_MATCH = YES;
				"CODE_SIGN_IDENTITY[sdk=iphoneos*]" = "iPhone Developer";
				COPY_PHASE_STRIP = NO;
				DEBUG_INFORMATION_FORMAT = dwarf;
				ENABLE_STRICT_OBJC_MSGSEND = YES;
				ENABLE_TESTABILITY = YES;
				GCC_C_LANGUAGE_STANDARD = gnu99;
				GCC_DYNAMIC_NO_PIC = NO;
				GCC_NO_COMMON_BLOCKS = YES;
				GCC_OPTIMIZATION_LEVEL = 0;
				GCC_PREPROCESSOR_DEFINITIONS = (
					"DEBUG=1",
					"$(inherited)",
				);
				GCC_WARN_64_TO_32_BIT_CONVERSION = YES;
				GCC_WARN_ABOUT_RETURN_TYPE = YES_ERROR;
				GCC_WARN_UNDECLARED_SELECTOR = YES;
				GCC_WARN_UNINITIALIZED_AUTOS = YES_AGGRESSIVE;
				GCC_WARN_UNUSED_FUNCTION = YES;
				GCC_WARN_UNUSED_VARIABLE = YES;
				IPHONEOS_DEPLOYMENT_TARGET = 9.2;
				MTL_ENABLE_DEBUG_INFO = YES;
				ONLY_ACTIVE_ARCH = YES;
				SDKROOT = iphoneos;
				SWIFT_OPTIMIZATION_LEVEL = "-Onone";
			};
			name = Debug;
		};
		77842B551E89EFD300C8A1B4 /* Release */ = {
			isa = XCBuildConfiguration;
			buildSettings = {
				ALWAYS_SEARCH_USER_PATHS = NO;
				CLANG_CXX_LANGUAGE_STANDARD = "gnu++0x";
				CLANG_CXX_LIBRARY = "libc++";
				CLANG_ENABLE_MODULES = YES;
				CLANG_ENABLE_OBJC_ARC = YES;
				CLANG_WARN_BOOL_CONVERSION = YES;
				CLANG_WARN_CONSTANT_CONVERSION = YES;
				CLANG_WARN_DIRECT_OBJC_ISA_USAGE = YES_ERROR;
				CLANG_WARN_EMPTY_BODY = YES;
				CLANG_WARN_ENUM_CONVERSION = YES;
				CLANG_WARN_INT_CONVERSION = YES;
				CLANG_WARN_OBJC_ROOT_CLASS = YES_ERROR;
				CLANG_WARN_UNREACHABLE_CODE = YES;
				CLANG_WARN__DUPLICATE_METHOD_MATCH = YES;
				"CODE_SIGN_IDENTITY[sdk=iphoneos*]" = "iPhone Developer";
				COPY_PHASE_STRIP = NO;
				DEBUG_INFORMATION_FORMAT = "dwarf-with-dsym";
				ENABLE_NS_ASSERTIONS = NO;
				ENABLE_STRICT_OBJC_MSGSEND = YES;
				GCC_C_LANGUAGE_STANDARD = gnu99;
				GCC_NO_COMMON_BLOCKS = YES;
				GCC_WARN_64_TO_32_BIT_CONVERSION = YES;
				GCC_WARN_ABOUT_RETURN_TYPE = YES_ERROR;
				GCC_WARN_UNDECLARED_SELECTOR = YES;
				GCC_WARN_UNINITIALIZED_AUTOS = YES_AGGRESSIVE;
				GCC_WARN_UNUSED_FUNCTION = YES;
				GCC_WARN_UNUSED_VARIABLE = YES;
				IPHONEOS_DEPLOYMENT_TARGET = 9.2;
				MTL_ENABLE_DEBUG_INFO = NO;
				SDKROOT = iphoneos;
				VALIDATE_PRODUCT = YES;
			};
			name = Release;
		};
		77842B571E89EFD300C8A1B4 /* Debug */ = {
			isa = XCBuildConfiguration;
			buildSettings = {
				ASSETCATALOG_COMPILER_APPICON_NAME = AppIcon;
				INFOPLIST_FILE = "EchoPath-ios/Info.plist";
				LD_RUNPATH_SEARCH_PATHS = "$(inherited) @executable_path/Frameworks";
				PRODUCT_BUNDLE_IDENTIFIER = "com.echopath.EchoPath-ios";
				PRODUCT_NAME = "$(TARGET_NAME)";
			};
			name = Debug;
		};
		77842B581E89EFD300C8A1B4 /* Release */ = {
			isa = XCBuildConfiguration;
			buildSettings = {
				ASSETCATALOG_COMPILER_APPICON_NAME = AppIcon;
				INFOPLIST_FILE = "EchoPath-ios/Info.plist";
				LD_RUNPATH_SEARCH_PATHS = "$(inherited) @executable_path/Frameworks";
				PRODUCT_BUNDLE_IDENTIFIER = "com.echopath.EchoPath-ios";
				PRODUCT_NAME = "$(TARGET_NAME)";
			};
			name = Release;
		};
		77842B5A1E89EFD300C8A1B4 /* Debug */ = {
			isa = XCBuildConfiguration;
			buildSettings = {
				BUNDLE_LOADER = "$(TEST_HOST)";
				INFOPLIST_FILE = "EchoPath-iosTests/Info.plist";
				LD_RUNPATH_SEARCH_PATHS = "$(inherited) @executable_path/Frameworks @loader_path/Frameworks";
				PRODUCT_BUNDLE_IDENTIFIER = "com.echopath.EchoPath-iosTests";
				PRODUCT_NAME = "$(TARGET_NAME)";
				TEST_HOST = "$(BUILT_PRODUCTS_DIR)/EchoPath-ios.app/EchoPath-ios";
			};
			name = Debug;
		};
		77842B5B1E89EFD300C8A1B4 /* Release */ = {
			isa = XCBuildConfiguration;
			buildSettings = {
				BUNDLE_LOADER = "$(TEST_HOST)";
				INFOPLIST_FILE = "EchoPath-iosTests/Info.plist";
				LD_RUNPATH_SEARCH_PATHS = "$(inherited) @executable_path/Frameworks @loader_path/Frameworks";
				PRODUCT_BUNDLE_IDENTIFIER = "com.echopath.EchoPath-iosTests";
				PRODUCT_NAME = "$(TARGET_NAME)";
				TEST_HOST = "$(BUILT_PRODUCTS_DIR)/EchoPath-ios.app/EchoPath-ios";
			};
			name = Release;
		};
		77842B5D1E89EFD300C8A1B4 /* Debug */ = {
			isa = XCBuildConfiguration;
			buildSettings = {
				INFOPLIST_FILE = "EchoPath-iosUITests/Info.plist";
				LD_RUNPATH_SEARCH_PATHS = "$(inherited) @executable_path/Frameworks @loader_path/Frameworks";
				PRODUCT_BUNDLE_IDENTIFIER = "com.echopath.EchoPath-iosUITests";
				PRODUCT_NAME = "$(TARGET_NAME)";
				TEST_TARGET_NAME = "EchoPath-ios";
				USES_XCTRUNNER = YES;
			};
			name = Debug;
		};
		77842B5E1E89EFD300C8A1B4 /* Release */ = {
			isa = XCBuildConfiguration;
			buildSettings = {
				INFOPLIST_FILE = "EchoPath-iosUITests/Info.plist";
				LD_RUNPATH_SEARCH_PATHS = "$(inherited) @executable_path/Frameworks @loader_path/Frameworks";
				PRODUCT_BUNDLE_IDENTIFIER = "com.echopath.EchoPath-iosUITests";
				PRODUCT_NAME = "$(TARGET_NAME)";
				TEST_TARGET_NAME = "EchoPath-ios";
				USES_XCTRUNNER = YES;
			};
			name = Release;
		};
/* End XCBuildConfiguration section */

/* Begin XCConfigurationList section */
		77842B291E89EFD300C8A1B4 /* Build configuration list for PBXProject "EchoPath-ios" */ = {
			isa = XCConfigurationList;
			buildConfigurations = (
				77842B541E89EFD300C8A1B4 /* Debug */,
				77842B551E89EFD300C8A1B4 /* Release */,
			);
			defaultConfigurationIsVisible = 0;
			defaultConfigurationName = Release;
		};
		77842B561E89EFD300C8A1B4 /* Build configuration list for PBXNativeTarget "EchoPath-ios" */ = {
			isa = XCConfigurationList;
			buildConfigurations = (
				77842B571E89EFD300C8A1B4 /* Debug */,
				77842B581E89EFD300C8A1B4 /* Release */,
			);
			defaultConfigurationIsVisible = 0;
			defaultConfigurationName = Release;
		};
		77842B591E89EFD300C8A1B4 /* Build configuration list for PBXNativeTarget "EchoPath-iosTests" */ = {
			isa = XCConfigurationList;
			buildConfigurations = (
				77842B5A1E89EFD300C8A1B4 /* Debug */,
				77842B5B1E89EFD300C8A1B4 /* Release */,
			);
			defaultConfigurationIsVisible = 0;
			defaultConfigurationName = Release;
		};
		77842B5C1E89EFD300C8A1B4 /* Build configuration list for PBXNativeTarget "EchoPath-iosUITests" */ = {
			isa = XCConfigurationList;
			buildConfigurations = (
				77842B5D1E89EFD300C8A1B4 /* Debug */,
				77842B5E1E89EFD300C8A1B4 /* Release */,
			);
			defaultConfigurationIsVisible = 0;
			defaultConfigurationName = Release;
		};
/* End XCConfigurationList section */
	};
	rootObject = 77842B261E89EFD300C8A1B4 /* Project object */;
}
